
Microsoft Visual Studio Solution File, Format Version 12.00
# Visual Studio Version 17
VisualStudioVersion = 17.11.35208.52
MinimumVisualStudioVersion = 10.0.40219.1
Project("{FAE04EC0-301F-11D3-BF4B-00C04F79EFBC}") = "ProyectoApi.Backend", "ProyectoApi.Backend\ProyectoApi.Backend.csproj", "{31B3EA25-BA8C-448A-990A-994D144392F2}"
EndProject
Project("{FAE04EC0-301F-11D3-BF4B-00C04F79EFBC}") = "ProyectoApi.Frontend", "ProyectoApi.Frontend\ProyectoApi.Frontend.csproj", "{2D6451C9-0AD8-459F-9BA9-F46222EDE745}"
EndProject
Global
	GlobalSection(SolutionConfigurationPlatforms) = preSolution
		Debug|Any CPU = Debug|Any CPU
		Release|Any CPU = Release|Any CPU
	EndGlobalSection
	GlobalSection(ProjectConfigurationPlatforms) = postSolution
		{31B3EA25-BA8C-448A-990A-994D144392F2}.Debug|Any CPU.ActiveCfg = Debug|Any CPU
		{31B3EA25-BA8C-448A-990A-994D144392F2}.Debug|Any CPU.Build.0 = Debug|Any CPU
		{31B3EA25-BA8C-448A-990A-994D144392F2}.Release|Any CPU.ActiveCfg = Release|Any CPU
		{31B3EA25-BA8C-448A-990A-994D144392F2}.Release|Any CPU.Build.0 = Release|Any CPU
		{2D6451C9-0AD8-459F-9BA9-F46222EDE745}.Debug|Any CPU.ActiveCfg = Debug|Any CPU
		{2D6451C9-0AD8-459F-9BA9-F46222EDE745}.Debug|Any CPU.Build.0 = Debug|Any CPU
		{2D6451C9-0AD8-459F-9BA9-F46222EDE745}.Release|Any CPU.ActiveCfg = Release|Any CPU
		{2D6451C9-0AD8-459F-9BA9-F46222EDE745}.Release|Any CPU.Build.0 = Release|Any CPU
	EndGlobalSection
	GlobalSection(SolutionProperties) = preSolution
		HideSolutionNode = FALSE
	EndGlobalSection
	GlobalSection(ExtensibilityGlobals) = postSolution
		SolutionGuid = {F705654D-260A-4385-8AAF-409B61E95D59}
	EndGlobalSection
EndGlobal
